// !$*UTF8*$!
{
	archiveVersion = 1;
	classes = {
	};
	objectVersion = 56;
	objects = {

/* Begin PBXBuildFile section */
		5B6299BE44E04A6E4AC95625 /* Pods_Timesy.framework in Frameworks */ = {isa = PBXBuildFile; fileRef = 03C5BD262DA05BC524A18EDE /* Pods_Timesy.framework */; };
		721FA3B42A605D3D00F96935 /* LocationPickerViewController.swift in Sources */ = {isa = PBXBuildFile; fileRef = 721FA3B32A605D3D00F96935 /* LocationPickerViewController.swift */; };
		7220335A2A4DE52E00DBC2D8 /* ChatViewController.swift in Sources */ = {isa = PBXBuildFile; fileRef = 722033592A4DE52E00DBC2D8 /* ChatViewController.swift */; };
		725B7E1F2A43504400CB61CC /* AppDelegate.swift in Sources */ = {isa = PBXBuildFile; fileRef = 725B7E1E2A43504400CB61CC /* AppDelegate.swift */; };
		725B7E212A43504400CB61CC /* SceneDelegate.swift in Sources */ = {isa = PBXBuildFile; fileRef = 725B7E202A43504400CB61CC /* SceneDelegate.swift */; };
		725B7E232A43504400CB61CC /* ConversationsViewController.swift in Sources */ = {isa = PBXBuildFile; fileRef = 725B7E222A43504400CB61CC /* ConversationsViewController.swift */; };
		725B7E262A43504400CB61CC /* Main.storyboard in Resources */ = {isa = PBXBuildFile; fileRef = 725B7E242A43504400CB61CC /* Main.storyboard */; };
		725B7E292A43504400CB61CC /* Timesy.xcdatamodeld in Sources */ = {isa = PBXBuildFile; fileRef = 725B7E272A43504400CB61CC /* Timesy.xcdatamodeld */; };
		725B7E2B2A43504500CB61CC /* Assets.xcassets in Resources */ = {isa = PBXBuildFile; fileRef = 725B7E2A2A43504500CB61CC /* Assets.xcassets */; };
		725B7E2E2A43504500CB61CC /* LaunchScreen.storyboard in Resources */ = {isa = PBXBuildFile; fileRef = 725B7E2C2A43504500CB61CC /* LaunchScreen.storyboard */; };
		725B7E3E2A4351C300CB61CC /* RegisterViewController.swift in Sources */ = {isa = PBXBuildFile; fileRef = 725B7E3D2A4351C300CB61CC /* RegisterViewController.swift */; };
		725B7E402A4351F800CB61CC /* PhotoViewerViewController.swift in Sources */ = {isa = PBXBuildFile; fileRef = 725B7E3F2A4351F800CB61CC /* PhotoViewerViewController.swift */; };
		725B7E422A43520900CB61CC /* VideoPlayerViewController.swift in Sources */ = {isa = PBXBuildFile; fileRef = 725B7E412A43520900CB61CC /* VideoPlayerViewController.swift */; };
		725B7E442A43521C00CB61CC /* NewConversationViewController.swift in Sources */ = {isa = PBXBuildFile; fileRef = 725B7E432A43521C00CB61CC /* NewConversationViewController.swift */; };
		725B7E462A43522B00CB61CC /* ProfileViewController.swift in Sources */ = {isa = PBXBuildFile; fileRef = 725B7E452A43522B00CB61CC /* ProfileViewController.swift */; };
		725B7E882A435EE800CB61CC /* GoogleService-Info.plist in Resources */ = {isa = PBXBuildFile; fileRef = 725B7E872A435EE800CB61CC /* GoogleService-Info.plist */; };
		725B7E8A2A43613700CB61CC /* DatabaseManager.swift in Sources */ = {isa = PBXBuildFile; fileRef = 725B7E892A43613700CB61CC /* DatabaseManager.swift */; };
		725B7E8C2A437E7A00CB61CC /* LoginViewController.swift in Sources */ = {isa = PBXBuildFile; fileRef = 725B7E8B2A437E7A00CB61CC /* LoginViewController.swift */; };
		725B7E902A43818B00CB61CC /* Extensions.swift in Sources */ = {isa = PBXBuildFile; fileRef = 725B7E8F2A43818B00CB61CC /* Extensions.swift */; };
		72820D622A4E03B000237F8B /* StorageManager.swift in Sources */ = {isa = PBXBuildFile; fileRef = 72820D612A4E03B000237F8B /* StorageManager.swift */; };
		72B861E22A5F11EC00E18190 /* NewConversationCell.swift in Sources */ = {isa = PBXBuildFile; fileRef = 72B861E12A5F11EC00E18190 /* NewConversationCell.swift */; };
		72FAF6CD2A4E0BEC0042A163 /* FirebaseStorage.framework in Frameworks */ = {isa = PBXBuildFile; fileRef = 72FAF6CC2A4E0BEC0042A163 /* FirebaseStorage.framework */; };
		732AC92F2A53511400D9AA3F /* ConversationTableViewCell.swift in Sources */ = {isa = PBXBuildFile; fileRef = 732AC92E2A53511400D9AA3F /* ConversationTableViewCell.swift */; };
/* End PBXBuildFile section */

/* Begin PBXFileReference section */
		03C5BD262DA05BC524A18EDE /* Pods_Timesy.framework */ = {isa = PBXFileReference; explicitFileType = wrapper.framework; includeInIndex = 0; path = Pods_Timesy.framework; sourceTree = BUILT_PRODUCTS_DIR; };
		5FABC075287C071A5535C405 /* Pods-Timesy.release.xcconfig */ = {isa = PBXFileReference; includeInIndex = 1; lastKnownFileType = text.xcconfig; name = "Pods-Timesy.release.xcconfig"; path = "Target Support Files/Pods-Timesy/Pods-Timesy.release.xcconfig"; sourceTree = "<group>"; };
		6C1D135E9947D2C6636F76D3 /* Pods-Timesy.debug.xcconfig */ = {isa = PBXFileReference; includeInIndex = 1; lastKnownFileType = text.xcconfig; name = "Pods-Timesy.debug.xcconfig"; path = "Target Support Files/Pods-Timesy/Pods-Timesy.debug.xcconfig"; sourceTree = "<group>"; };
		721FA3B32A605D3D00F96935 /* LocationPickerViewController.swift */ = {isa = PBXFileReference; lastKnownFileType = sourcecode.swift; path = LocationPickerViewController.swift; sourceTree = "<group>"; };
		722033592A4DE52E00DBC2D8 /* ChatViewController.swift */ = {isa = PBXFileReference; fileEncoding = 4; lastKnownFileType = sourcecode.swift; path = ChatViewController.swift; sourceTree = "<group>"; };
		725B7E1B2A43504400CB61CC /* Timesy.app */ = {isa = PBXFileReference; explicitFileType = wrapper.application; includeInIndex = 0; path = Timesy.app; sourceTree = BUILT_PRODUCTS_DIR; };
		725B7E1E2A43504400CB61CC /* AppDelegate.swift */ = {isa = PBXFileReference; lastKnownFileType = sourcecode.swift; path = AppDelegate.swift; sourceTree = "<group>"; };
		725B7E202A43504400CB61CC /* SceneDelegate.swift */ = {isa = PBXFileReference; lastKnownFileType = sourcecode.swift; path = SceneDelegate.swift; sourceTree = "<group>"; };
		725B7E222A43504400CB61CC /* ConversationsViewController.swift */ = {isa = PBXFileReference; lastKnownFileType = sourcecode.swift; path = ConversationsViewController.swift; sourceTree = "<group>"; };
		725B7E252A43504400CB61CC /* Base */ = {isa = PBXFileReference; lastKnownFileType = file.storyboard; name = Base; path = Base.lproj/Main.storyboard; sourceTree = "<group>"; };
		725B7E282A43504400CB61CC /* Timesy.xcdatamodel */ = {isa = PBXFileReference; lastKnownFileType = wrapper.xcdatamodel; path = Timesy.xcdatamodel; sourceTree = "<group>"; };
		725B7E2A2A43504500CB61CC /* Assets.xcassets */ = {isa = PBXFileReference; lastKnownFileType = folder.assetcatalog; path = Assets.xcassets; sourceTree = "<group>"; };
		725B7E2D2A43504500CB61CC /* Base */ = {isa = PBXFileReference; lastKnownFileType = file.storyboard; name = Base; path = Base.lproj/LaunchScreen.storyboard; sourceTree = "<group>"; };
		725B7E2F2A43504500CB61CC /* Info.plist */ = {isa = PBXFileReference; lastKnownFileType = text.plist.xml; path = Info.plist; sourceTree = "<group>"; };
		725B7E3D2A4351C300CB61CC /* RegisterViewController.swift */ = {isa = PBXFileReference; lastKnownFileType = sourcecode.swift; path = RegisterViewController.swift; sourceTree = "<group>"; };
		725B7E3F2A4351F800CB61CC /* PhotoViewerViewController.swift */ = {isa = PBXFileReference; lastKnownFileType = sourcecode.swift; path = PhotoViewerViewController.swift; sourceTree = "<group>"; };
		725B7E412A43520900CB61CC /* VideoPlayerViewController.swift */ = {isa = PBXFileReference; lastKnownFileType = sourcecode.swift; path = VideoPlayerViewController.swift; sourceTree = "<group>"; };
		725B7E432A43521C00CB61CC /* NewConversationViewController.swift */ = {isa = PBXFileReference; lastKnownFileType = sourcecode.swift; path = NewConversationViewController.swift; sourceTree = "<group>"; };
		725B7E452A43522B00CB61CC /* ProfileViewController.swift */ = {isa = PBXFileReference; lastKnownFileType = sourcecode.swift; path = ProfileViewController.swift; sourceTree = "<group>"; };
		725B7E872A435EE800CB61CC /* GoogleService-Info.plist */ = {isa = PBXFileReference; fileEncoding = 4; lastKnownFileType = text.plist.xml; path = "GoogleService-Info.plist"; sourceTree = "<group>"; };
		725B7E892A43613700CB61CC /* DatabaseManager.swift */ = {isa = PBXFileReference; lastKnownFileType = sourcecode.swift; path = DatabaseManager.swift; sourceTree = "<group>"; };
		725B7E8B2A437E7A00CB61CC /* LoginViewController.swift */ = {isa = PBXFileReference; lastKnownFileType = sourcecode.swift; path = LoginViewController.swift; sourceTree = "<group>"; };
		725B7E8F2A43818B00CB61CC /* Extensions.swift */ = {isa = PBXFileReference; lastKnownFileType = sourcecode.swift; path = Extensions.swift; sourceTree = "<group>"; };
		72820D612A4E03B000237F8B /* StorageManager.swift */ = {isa = PBXFileReference; lastKnownFileType = sourcecode.swift; path = StorageManager.swift; sourceTree = "<group>"; };
		72B861E12A5F11EC00E18190 /* NewConversationCell.swift */ = {isa = PBXFileReference; lastKnownFileType = sourcecode.swift; path = NewConversationCell.swift; sourceTree = "<group>"; };
		72C6EC3A2A44E80100B594EF /* Timesy.entitlements */ = {isa = PBXFileReference; lastKnownFileType = text.plist.entitlements; path = Timesy.entitlements; sourceTree = "<group>"; };
		72FAF6CC2A4E0BEC0042A163 /* FirebaseStorage.framework */ = {isa = PBXFileReference; explicitFileType = wrapper.framework; path = FirebaseStorage.framework; sourceTree = BUILT_PRODUCTS_DIR; };
		732AC92E2A53511400D9AA3F /* ConversationTableViewCell.swift */ = {isa = PBXFileReference; lastKnownFileType = sourcecode.swift; path = ConversationTableViewCell.swift; sourceTree = "<group>"; };
/* End PBXFileReference section */

/* Begin PBXFrameworksBuildPhase section */
		725B7E182A43504400CB61CC /* Frameworks */ = {
			isa = PBXFrameworksBuildPhase;
			buildActionMask = 2147483647;
			files = (
				72FAF6CD2A4E0BEC0042A163 /* FirebaseStorage.framework in Frameworks */,
				5B6299BE44E04A6E4AC95625 /* Pods_Timesy.framework in Frameworks */,
			);
			runOnlyForDeploymentPostprocessing = 0;
		};
/* End PBXFrameworksBuildPhase section */

/* Begin PBXGroup section */
		725B7E122A43504400CB61CC = {
			isa = PBXGroup;
			children = (
				725B7E1D2A43504400CB61CC /* Timesy */,
				725B7E1C2A43504400CB61CC /* Products */,
				BDCEEC0177AFD10A21B08A77 /* Pods */,
				CE9B02571E3DB6B7CD48F059 /* Frameworks */,
			);
			sourceTree = "<group>";
		};
		725B7E1C2A43504400CB61CC /* Products */ = {
			isa = PBXGroup;
			children = (
				725B7E1B2A43504400CB61CC /* Timesy.app */,
			);
			name = Products;
			sourceTree = "<group>";
		};
		725B7E1D2A43504400CB61CC /* Timesy */ = {
			isa = PBXGroup;
			children = (
				72C6EC3A2A44E80100B594EF /* Timesy.entitlements */,
				725B7E352A43508300CB61CC /* Resources */,
				725B7E362A43508D00CB61CC /* ViewModels */,
				725B7E372A43509C00CB61CC /* Models */,
				725B7E382A4350A400CB61CC /* Views */,
				725B7E3A2A4350C100CB61CC /* Controllers */,
				725B7E2F2A43504500CB61CC /* Info.plist */,
				725B7E872A435EE800CB61CC /* GoogleService-Info.plist */,
				725B7E272A43504400CB61CC /* Timesy.xcdatamodeld */,
			);
			path = Timesy;
			sourceTree = "<group>";
		};
		725B7E352A43508300CB61CC /* Resources */ = {
			isa = PBXGroup;
			children = (
				725B7E1E2A43504400CB61CC /* AppDelegate.swift */,
				725B7E202A43504400CB61CC /* SceneDelegate.swift */,
				725B7E892A43613700CB61CC /* DatabaseManager.swift */,
				725B7E8F2A43818B00CB61CC /* Extensions.swift */,
				72820D612A4E03B000237F8B /* StorageManager.swift */,
			);
			path = Resources;
			sourceTree = "<group>";
		};
		725B7E362A43508D00CB61CC /* ViewModels */ = {
			isa = PBXGroup;
			children = (
			);
			path = ViewModels;
			sourceTree = "<group>";
		};
		725B7E372A43509C00CB61CC /* Models */ = {
			isa = PBXGroup;
			children = (
			);
			path = Models;
			sourceTree = "<group>";
		};
		725B7E382A4350A400CB61CC /* Views */ = {
			isa = PBXGroup;
			children = (
				725B7E3C2A4350DF00CB61CC /* Storyboards */,
				725B7E2A2A43504500CB61CC /* Assets.xcassets */,
				732AC92E2A53511400D9AA3F /* ConversationTableViewCell.swift */,
				72B861E12A5F11EC00E18190 /* NewConversationCell.swift */,
			);
			path = Views;
			sourceTree = "<group>";
		};
		725B7E3A2A4350C100CB61CC /* Controllers */ = {
			isa = PBXGroup;
			children = (
				722033592A4DE52E00DBC2D8 /* ChatViewController.swift */,
				725B7E222A43504400CB61CC /* ConversationsViewController.swift */,
				725B7E3B2A4350CF00CB61CC /* Login */,
				725B7E3F2A4351F800CB61CC /* PhotoViewerViewController.swift */,
				725B7E412A43520900CB61CC /* VideoPlayerViewController.swift */,
				725B7E432A43521C00CB61CC /* NewConversationViewController.swift */,
				725B7E452A43522B00CB61CC /* ProfileViewController.swift */,
				721FA3B32A605D3D00F96935 /* LocationPickerViewController.swift */,
			);
			path = Controllers;
			sourceTree = "<group>";
		};
		725B7E3B2A4350CF00CB61CC /* Login */ = {
			isa = PBXGroup;
			children = (
				725B7E8B2A437E7A00CB61CC /* LoginViewController.swift */,
				725B7E3D2A4351C300CB61CC /* RegisterViewController.swift */,
			);
			path = Login;
			sourceTree = "<group>";
		};
		725B7E3C2A4350DF00CB61CC /* Storyboards */ = {
			isa = PBXGroup;
			children = (
				725B7E242A43504400CB61CC /* Main.storyboard */,
				725B7E2C2A43504500CB61CC /* LaunchScreen.storyboard */,
			);
			path = Storyboards;
			sourceTree = "<group>";
		};
		BDCEEC0177AFD10A21B08A77 /* Pods */ = {
			isa = PBXGroup;
			children = (
				6C1D135E9947D2C6636F76D3 /* Pods-Timesy.debug.xcconfig */,
				5FABC075287C071A5535C405 /* Pods-Timesy.release.xcconfig */,
			);
			path = Pods;
			sourceTree = "<group>";
		};
		CE9B02571E3DB6B7CD48F059 /* Frameworks */ = {
			isa = PBXGroup;
			children = (
				72FAF6CC2A4E0BEC0042A163 /* FirebaseStorage.framework */,
				03C5BD262DA05BC524A18EDE /* Pods_Timesy.framework */,
			);
			name = Frameworks;
			sourceTree = "<group>";
		};
/* End PBXGroup section */

/* Begin PBXNativeTarget section */
		725B7E1A2A43504400CB61CC /* Timesy */ = {
			isa = PBXNativeTarget;
			buildConfigurationList = 725B7E322A43504500CB61CC /* Build configuration list for PBXNativeTarget "Timesy" */;
			buildPhases = (
				E1D2CD6B15242EE3150E0E44 /* [CP] Check Pods Manifest.lock */,
				725B7E172A43504400CB61CC /* Sources */,
				725B7E182A43504400CB61CC /* Frameworks */,
				725B7E192A43504400CB61CC /* Resources */,
				70E9C5B63570DB7A5447BEFE /* [CP] Embed Pods Frameworks */,
			);
			buildRules = (
			);
			dependencies = (
			);
			name = Timesy;
			packageProductDependencies = (
			);
			productName = Timesy;
			productReference = 725B7E1B2A43504400CB61CC /* Timesy.app */;
			productType = "com.apple.product-type.application";
		};
/* End PBXNativeTarget section */

/* Begin PBXProject section */
		725B7E132A43504400CB61CC /* Project object */ = {
			isa = PBXProject;
			attributes = {
				BuildIndependentTargetsInParallel = 1;
				LastSwiftUpdateCheck = 1420;
				LastUpgradeCheck = 1420;
				TargetAttributes = {
					725B7E1A2A43504400CB61CC = {
						CreatedOnToolsVersion = 14.2;
					};
				};
			};
			buildConfigurationList = 725B7E162A43504400CB61CC /* Build configuration list for PBXProject "Timesy" */;
			compatibilityVersion = "Xcode 14.0";
			developmentRegion = en;
			hasScannedForEncodings = 0;
			knownRegions = (
				en,
				Base,
			);
			mainGroup = 725B7E122A43504400CB61CC;
			packageReferences = (
			);
			productRefGroup = 725B7E1C2A43504400CB61CC /* Products */;
			projectDirPath = "";
			projectRoot = "";
			targets = (
				725B7E1A2A43504400CB61CC /* Timesy */,
			);
		};
/* End PBXProject section */

/* Begin PBXResourcesBuildPhase section */
		725B7E192A43504400CB61CC /* Resources */ = {
			isa = PBXResourcesBuildPhase;
			buildActionMask = 2147483647;
			files = (
				725B7E2E2A43504500CB61CC /* LaunchScreen.storyboard in Resources */,
				725B7E882A435EE800CB61CC /* GoogleService-Info.plist in Resources */,
				725B7E2B2A43504500CB61CC /* Assets.xcassets in Resources */,
				725B7E262A43504400CB61CC /* Main.storyboard in Resources */,
			);
			runOnlyForDeploymentPostprocessing = 0;
		};
/* End PBXResourcesBuildPhase section */

/* Begin PBXShellScriptBuildPhase section */
		70E9C5B63570DB7A5447BEFE /* [CP] Embed Pods Frameworks */ = {
			isa = PBXShellScriptBuildPhase;
			buildActionMask = 2147483647;
			files = (
			);
			inputFileListPaths = (
				"${PODS_ROOT}/Target Support Files/Pods-Timesy/Pods-Timesy-frameworks-${CONFIGURATION}-input-files.xcfilelist",
			);
			name = "[CP] Embed Pods Frameworks";
			outputFileListPaths = (
				"${PODS_ROOT}/Target Support Files/Pods-Timesy/Pods-Timesy-frameworks-${CONFIGURATION}-output-files.xcfilelist",
			);
			runOnlyForDeploymentPostprocessing = 0;
			shellPath = /bin/sh;
			shellScript = "\"${PODS_ROOT}/Target Support Files/Pods-Timesy/Pods-Timesy-frameworks.sh\"\n";
			showEnvVarsInLog = 0;
		};
		E1D2CD6B15242EE3150E0E44 /* [CP] Check Pods Manifest.lock */ = {
			isa = PBXShellScriptBuildPhase;
			buildActionMask = 2147483647;
			files = (
			);
			inputFileListPaths = (
			);
			inputPaths = (
				"${PODS_PODFILE_DIR_PATH}/Podfile.lock",
				"${PODS_ROOT}/Manifest.lock",
			);
			name = "[CP] Check Pods Manifest.lock";
			outputFileListPaths = (
			);
			outputPaths = (
				"$(DERIVED_FILE_DIR)/Pods-Timesy-checkManifestLockResult.txt",
			);
			runOnlyForDeploymentPostprocessing = 0;
			shellPath = /bin/sh;
			shellScript = "diff \"${PODS_PODFILE_DIR_PATH}/Podfile.lock\" \"${PODS_ROOT}/Manifest.lock\" > /dev/null\nif [ $? != 0 ] ; then\n    # print error to STDERR\n    echo \"error: The sandbox is not in sync with the Podfile.lock. Run 'pod install' or update your CocoaPods installation.\" >&2\n    exit 1\nfi\n# This output is used by Xcode 'outputs' to avoid re-running this script phase.\necho \"SUCCESS\" > \"${SCRIPT_OUTPUT_FILE_0}\"\n";
			showEnvVarsInLog = 0;
		};
/* End PBXShellScriptBuildPhase section */

/* Begin PBXSourcesBuildPhase section */
		725B7E172A43504400CB61CC /* Sources */ = {
			isa = PBXSourcesBuildPhase;
			buildActionMask = 2147483647;
			files = (
				725B7E232A43504400CB61CC /* ConversationsViewController.swift in Sources */,
				725B7E3E2A4351C300CB61CC /* RegisterViewController.swift in Sources */,
				725B7E8A2A43613700CB61CC /* DatabaseManager.swift in Sources */,
				721FA3B42A605D3D00F96935 /* LocationPickerViewController.swift in Sources */,
				72820D622A4E03B000237F8B /* StorageManager.swift in Sources */,
				725B7E442A43521C00CB61CC /* NewConversationViewController.swift in Sources */,
				725B7E1F2A43504400CB61CC /* AppDelegate.swift in Sources */,
				725B7E422A43520900CB61CC /* VideoPlayerViewController.swift in Sources */,
				725B7E292A43504400CB61CC /* Timesy.xcdatamodeld in Sources */,
				725B7E902A43818B00CB61CC /* Extensions.swift in Sources */,
				72B861E22A5F11EC00E18190 /* NewConversationCell.swift in Sources */,
				725B7E462A43522B00CB61CC /* ProfileViewController.swift in Sources */,
				7220335A2A4DE52E00DBC2D8 /* ChatViewController.swift in Sources */,
				725B7E212A43504400CB61CC /* SceneDelegate.swift in Sources */,
				725B7E402A4351F800CB61CC /* PhotoViewerViewController.swift in Sources */,
				725B7E8C2A437E7A00CB61CC /* LoginViewController.swift in Sources */,
				732AC92F2A53511400D9AA3F /* ConversationTableViewCell.swift in Sources */,
			);
			runOnlyForDeploymentPostprocessing = 0;
		};
/* End PBXSourcesBuildPhase section */

/* Begin PBXVariantGroup section */
		725B7E242A43504400CB61CC /* Main.storyboard */ = {
			isa = PBXVariantGroup;
			children = (
				725B7E252A43504400CB61CC /* Base */,
			);
			name = Main.storyboard;
			sourceTree = "<group>";
		};
		725B7E2C2A43504500CB61CC /* LaunchScreen.storyboard */ = {
			isa = PBXVariantGroup;
			children = (
				725B7E2D2A43504500CB61CC /* Base */,
			);
			name = LaunchScreen.storyboard;
			sourceTree = "<group>";
		};
/* End PBXVariantGroup section */

/* Begin XCBuildConfiguration section */
		725B7E302A43504500CB61CC /* Debug */ = {
			isa = XCBuildConfiguration;
			buildSettings = {
				ALWAYS_SEARCH_USER_PATHS = NO;
				CLANG_ANALYZER_NONNULL = YES;
				CLANG_ANALYZER_NUMBER_OBJECT_CONVERSION = YES_AGGRESSIVE;
				CLANG_CXX_LANGUAGE_STANDARD = "gnu++20";
				CLANG_ENABLE_MODULES = YES;
				CLANG_ENABLE_OBJC_ARC = YES;
				CLANG_ENABLE_OBJC_WEAK = YES;
				CLANG_WARN_BLOCK_CAPTURE_AUTORELEASING = YES;
				CLANG_WARN_BOOL_CONVERSION = YES;
				CLANG_WARN_COMMA = YES;
				CLANG_WARN_CONSTANT_CONVERSION = YES;
				CLANG_WARN_DEPRECATED_OBJC_IMPLEMENTATIONS = YES;
				CLANG_WARN_DIRECT_OBJC_ISA_USAGE = YES_ERROR;
				CLANG_WARN_DOCUMENTATION_COMMENTS = YES;
				CLANG_WARN_EMPTY_BODY = YES;
				CLANG_WARN_ENUM_CONVERSION = YES;
				CLANG_WARN_INFINITE_RECURSION = YES;
				CLANG_WARN_INT_CONVERSION = YES;
				CLANG_WARN_NON_LITERAL_NULL_CONVERSION = YES;
				CLANG_WARN_OBJC_IMPLICIT_RETAIN_SELF = YES;
				CLANG_WARN_OBJC_LITERAL_CONVERSION = YES;
				CLANG_WARN_OBJC_ROOT_CLASS = YES_ERROR;
				CLANG_WARN_QUOTED_INCLUDE_IN_FRAMEWORK_HEADER = YES;
				CLANG_WARN_RANGE_LOOP_ANALYSIS = YES;
				CLANG_WARN_STRICT_PROTOTYPES = YES;
				CLANG_WARN_SUSPICIOUS_MOVE = YES;
				CLANG_WARN_UNGUARDED_AVAILABILITY = YES_AGGRESSIVE;
				CLANG_WARN_UNREACHABLE_CODE = YES;
				CLANG_WARN__DUPLICATE_METHOD_MATCH = YES;
				COPY_PHASE_STRIP = NO;
				DEBUG_INFORMATION_FORMAT = dwarf;
				ENABLE_STRICT_OBJC_MSGSEND = YES;
				ENABLE_TESTABILITY = YES;
				GCC_C_LANGUAGE_STANDARD = gnu11;
				GCC_DYNAMIC_NO_PIC = NO;
				GCC_NO_COMMON_BLOCKS = YES;
				GCC_OPTIMIZATION_LEVEL = 0;
				GCC_PREPROCESSOR_DEFINITIONS = (
					"DEBUG=1",
					"$(inherited)",
				);
				GCC_WARN_64_TO_32_BIT_CONVERSION = YES;
				GCC_WARN_ABOUT_RETURN_TYPE = YES_ERROR;
				GCC_WARN_UNDECLARED_SELECTOR = YES;
				GCC_WARN_UNINITIALIZED_AUTOS = YES_AGGRESSIVE;
				GCC_WARN_UNUSED_FUNCTION = YES;
				GCC_WARN_UNUSED_VARIABLE = YES;
				IPHONEOS_DEPLOYMENT_TARGET = 16.2;
				MTL_ENABLE_DEBUG_INFO = INCLUDE_SOURCE;
				MTL_FAST_MATH = YES;
				ONLY_ACTIVE_ARCH = YES;
				SDKROOT = iphoneos;
				SWIFT_ACTIVE_COMPILATION_CONDITIONS = DEBUG;
				SWIFT_OPTIMIZATION_LEVEL = "-Onone";
			};
			name = Debug;
		};
		725B7E312A43504500CB61CC /* Release */ = {
			isa = XCBuildConfiguration;
			buildSettings = {
				ALWAYS_SEARCH_USER_PATHS = NO;
				CLANG_ANALYZER_NONNULL = YES;
				CLANG_ANALYZER_NUMBER_OBJECT_CONVERSION = YES_AGGRESSIVE;
				CLANG_CXX_LANGUAGE_STANDARD = "gnu++20";
				CLANG_ENABLE_MODULES = YES;
				CLANG_ENABLE_OBJC_ARC = YES;
				CLANG_ENABLE_OBJC_WEAK = YES;
				CLANG_WARN_BLOCK_CAPTURE_AUTORELEASING = YES;
				CLANG_WARN_BOOL_CONVERSION = YES;
				CLANG_WARN_COMMA = YES;
				CLANG_WARN_CONSTANT_CONVERSION = YES;
				CLANG_WARN_DEPRECATED_OBJC_IMPLEMENTATIONS = YES;
				CLANG_WARN_DIRECT_OBJC_ISA_USAGE = YES_ERROR;
				CLANG_WARN_DOCUMENTATION_COMMENTS = YES;
				CLANG_WARN_EMPTY_BODY = YES;
				CLANG_WARN_ENUM_CONVERSION = YES;
				CLANG_WARN_INFINITE_RECURSION = YES;
				CLANG_WARN_INT_CONVERSION = YES;
				CLANG_WARN_NON_LITERAL_NULL_CONVERSION = YES;
				CLANG_WARN_OBJC_IMPLICIT_RETAIN_SELF = YES;
				CLANG_WARN_OBJC_LITERAL_CONVERSION = YES;
				CLANG_WARN_OBJC_ROOT_CLASS = YES_ERROR;
				CLANG_WARN_QUOTED_INCLUDE_IN_FRAMEWORK_HEADER = YES;
				CLANG_WARN_RANGE_LOOP_ANALYSIS = YES;
				CLANG_WARN_STRICT_PROTOTYPES = YES;
				CLANG_WARN_SUSPICIOUS_MOVE = YES;
				CLANG_WARN_UNGUARDED_AVAILABILITY = YES_AGGRESSIVE;
				CLANG_WARN_UNREACHABLE_CODE = YES;
				CLANG_WARN__DUPLICATE_METHOD_MATCH = YES;
				COPY_PHASE_STRIP = NO;
				DEBUG_INFORMATION_FORMAT = "dwarf-with-dsym";
				ENABLE_NS_ASSERTIONS = NO;
				ENABLE_STRICT_OBJC_MSGSEND = YES;
				GCC_C_LANGUAGE_STANDARD = gnu11;
				GCC_NO_COMMON_BLOCKS = YES;
				GCC_WARN_64_TO_32_BIT_CONVERSION = YES;
				GCC_WARN_ABOUT_RETURN_TYPE = YES_ERROR;
				GCC_WARN_UNDECLARED_SELECTOR = YES;
				GCC_WARN_UNINITIALIZED_AUTOS = YES_AGGRESSIVE;
				GCC_WARN_UNUSED_FUNCTION = YES;
				GCC_WARN_UNUSED_VARIABLE = YES;
				IPHONEOS_DEPLOYMENT_TARGET = 16.2;
				MTL_ENABLE_DEBUG_INFO = NO;
				MTL_FAST_MATH = YES;
				SDKROOT = iphoneos;
				SWIFT_COMPILATION_MODE = wholemodule;
				SWIFT_OPTIMIZATION_LEVEL = "-O";
				VALIDATE_PRODUCT = YES;
			};
			name = Release;
		};
		725B7E332A43504500CB61CC /* Debug */ = {
			isa = XCBuildConfiguration;
			baseConfigurationReference = 6C1D135E9947D2C6636F76D3 /* Pods-Timesy.debug.xcconfig */;
			buildSettings = {
				ASSETCATALOG_COMPILER_APPICON_NAME = AppIcon;
				ASSETCATALOG_COMPILER_GLOBAL_ACCENT_COLOR_NAME = AccentColor;
				CODE_SIGN_ENTITLEMENTS = Timesy/Timesy.entitlements;
				CODE_SIGN_STYLE = Automatic;
				CURRENT_PROJECT_VERSION = 1;
				DEVELOPMENT_TEAM = 7VVXP36UX5;
				GENERATE_INFOPLIST_FILE = YES;
				INFOPLIST_FILE = Timesy/Info.plist;
				INFOPLIST_KEY_NSCameraUsageDescription = "Timesy camera use";
				INFOPLIST_KEY_NSPhotoLibraryUsageDescription = "Please allow access to select a photo for your profile";
				INFOPLIST_KEY_UIApplicationSupportsIndirectInputEvents = YES;
				INFOPLIST_KEY_UILaunchStoryboardName = LaunchScreen;
				INFOPLIST_KEY_UIMainStoryboardFile = Main;
				INFOPLIST_KEY_UISupportedInterfaceOrientations = "UIInterfaceOrientationLandscapeLeft UIInterfaceOrientationLandscapeRight UIInterfaceOrientationPortrait";
				INFOPLIST_KEY_UISupportedInterfaceOrientations_iPad = UIInterfaceOrientationPortrait;
				LD_RUNPATH_SEARCH_PATHS = (
					"$(inherited)",
					"@executable_path/Frameworks",
				);
				MARKETING_VERSION = 1.0;
				PRODUCT_BUNDLE_IDENTIFIER = tommyde97.Timesy;
				PRODUCT_NAME = "$(TARGET_NAME)";
				SWIFT_EMIT_LOC_STRINGS = YES;
				SWIFT_VERSION = 5.0;
				TARGETED_DEVICE_FAMILY = "1,2";
			};
			name = Debug;
		};
		725B7E342A43504500CB61CC /* Release */ = {
			isa = XCBuildConfiguration;
			baseConfigurationReference = 5FABC075287C071A5535C405 /* Pods-Timesy.release.xcconfig */;
			buildSettings = {
				ASSETCATALOG_COMPILER_APPICON_NAME = AppIcon;
				ASSETCATALOG_COMPILER_GLOBAL_ACCENT_COLOR_NAME = AccentColor;
				CODE_SIGN_ENTITLEMENTS = Timesy/Timesy.entitlements;
				CODE_SIGN_STYLE = Automatic;
				CURRENT_PROJECT_VERSION = 1;
				DEVELOPMENT_TEAM = 7VVXP36UX5;
				GENERATE_INFOPLIST_FILE = YES;
				INFOPLIST_FILE = Timesy/Info.plist;
				INFOPLIST_KEY_NSCameraUsageDescription = "Timesy camera use";
				INFOPLIST_KEY_NSPhotoLibraryUsageDescription = "Please allow access to select a photo for your profile";
				INFOPLIST_KEY_UIApplicationSupportsIndirectInputEvents = YES;
				INFOPLIST_KEY_UILaunchStoryboardName = LaunchScreen;
				INFOPLIST_KEY_UIMainStoryboardFile = Main;
				INFOPLIST_KEY_UISupportedInterfaceOrientations = "UIInterfaceOrientationLandscapeLeft UIInterfaceOrientationLandscapeRight UIInterfaceOrientationPortrait";
				INFOPLIST_KEY_UISupportedInterfaceOrientations_iPad = UIInterfaceOrientationPortrait;
				LD_RUNPATH_SEARCH_PATHS = (
					"$(inherited)",
					"@executable_path/Frameworks",
				);
				MARKETING_VERSION = 1.0;
				PRODUCT_BUNDLE_IDENTIFIER = tommyde97.Timesy;
				PRODUCT_NAME = "$(TARGET_NAME)";
				SWIFT_EMIT_LOC_STRINGS = YES;
				SWIFT_VERSION = 5.0;
				TARGETED_DEVICE_FAMILY = "1,2";
			};
			name = Release;
		};
/* End XCBuildConfiguration section */

/* Begin XCConfigurationList section */
		725B7E162A43504400CB61CC /* Build configuration list for PBXProject "Timesy" */ = {
			isa = XCConfigurationList;
			buildConfigurations = (
				725B7E302A43504500CB61CC /* Debug */,
				725B7E312A43504500CB61CC /* Release */,
			);
			defaultConfigurationIsVisible = 0;
			defaultConfigurationName = Release;
		};
		725B7E322A43504500CB61CC /* Build configuration list for PBXNativeTarget "Timesy" */ = {
			isa = XCConfigurationList;
			buildConfigurations = (
				725B7E332A43504500CB61CC /* Debug */,
				725B7E342A43504500CB61CC /* Release */,
			);
			defaultConfigurationIsVisible = 0;
			defaultConfigurationName = Release;
		};
/* End XCConfigurationList section */

/* Begin XCVersionGroup section */
		725B7E272A43504400CB61CC /* Timesy.xcdatamodeld */ = {
			isa = XCVersionGroup;
			children = (
				725B7E282A43504400CB61CC /* Timesy.xcdatamodel */,
			);
			currentVersion = 725B7E282A43504400CB61CC /* Timesy.xcdatamodel */;
			path = Timesy.xcdatamodeld;
			sourceTree = "<group>";
			versionGroupType = wrapper.xcdatamodel;
		};
/* End XCVersionGroup section */
	};
	rootObject = 725B7E132A43504400CB61CC /* Project object */;
}
